
Microsoft Visual Studio Solution File, Format Version 12.00
# Visual Studio Version 17
VisualStudioVersion = 17.4.33213.308
MinimumVisualStudioVersion = 10.0.40219.1
Project("{9A19103F-16F7-4668-BE54-9A1E7A4F7556}") = "Mindbox.AreaCalculator", "Mindbox.AreaCalculator\Mindbox.AreaCalculator.csproj", "{B4B9DE51-A3F0-4AF7-8ED7-FFA6E12581D0}"
EndProject
Project("{FAE04EC0-301F-11D3-BF4B-00C04F79EFBC}") = "Mindbox.AreaCalculator.UnitTest", "Mindbox.AreaCalculator.UnitTest\Mindbox.AreaCalculator.UnitTest.csproj", "{5DFDB6C7-3E65-485C-96D2-CDD835115E09}"
EndProject
Global
	GlobalSection(SolutionConfigurationPlatforms) = preSolution
		Debug|Any CPU = Debug|Any CPU
		Release|Any CPU = Release|Any CPU
	EndGlobalSection
	GlobalSection(ProjectConfigurationPlatforms) = postSolution
		{B4B9DE51-A3F0-4AF7-8ED7-FFA6E12581D0}.Debug|Any CPU.ActiveCfg = Debug|Any CPU
		{B4B9DE51-A3F0-4AF7-8ED7-FFA6E12581D0}.Debug|Any CPU.Build.0 = Debug|Any CPU
		{B4B9DE51-A3F0-4AF7-8ED7-FFA6E12581D0}.Release|Any CPU.ActiveCfg = Release|Any CPU
		{B4B9DE51-A3F0-4AF7-8ED7-FFA6E12581D0}.Release|Any CPU.Build.0 = Release|Any CPU
		{5DFDB6C7-3E65-485C-96D2-CDD835115E09}.Debug|Any CPU.ActiveCfg = Debug|Any CPU
		{5DFDB6C7-3E65-485C-96D2-CDD835115E09}.Debug|Any CPU.Build.0 = Debug|Any CPU
		{5DFDB6C7-3E65-485C-96D2-CDD835115E09}.Release|Any CPU.ActiveCfg = Release|Any CPU
		{5DFDB6C7-3E65-485C-96D2-CDD835115E09}.Release|Any CPU.Build.0 = Release|Any CPU
	EndGlobalSection
	GlobalSection(SolutionProperties) = preSolution
		HideSolutionNode = FALSE
	EndGlobalSection
	GlobalSection(ExtensibilityGlobals) = postSolution
		SolutionGuid = {00DC5889-25F2-476E-B278-B8D90F861AAD}
	EndGlobalSection
EndGlobal
